# This file is automatically @generated by Cargo.
# It is not intended for manual editing.
version = 4

[[package]]
name = "cce-ccc"
version = "0.1.0"
dependencies = [
 "cce-core",
 "cce-lattice",
]

[[package]]
name = "cce-conformance"
version = "0.1.0"

[[package]]
name = "cce-core"
version = "0.1.0"

[[package]]
name = "cce-crystal"
version = "0.1.0"
dependencies = [
 "cce-ccc",
 "cce-core",
]

[[package]]
name = "cce-hbm"
version = "0.1.0"

[[package]]
name = "cce-kernel"
version = "0.1.0"
dependencies = [
 "cce-core",
]

[[package]]
name = "cce-lattice"
version = "0.1.0"
dependencies = [
 "cce-core",
]

[[package]]
name = "cce-library"
version = "0.1.0"

[[package]]
name = "cce-loom"
version = "0.1.0"

[[package]]
name = "cce-materialize"
version = "0.1.0"

[[package]]
name = "cce-merkaba"
version = "0.1.0"

[[package]]
name = "cce-observe"
version = "0.1.0"

[[package]]
name = "cce-phaseblock"
version = "0.1.0"
dependencies = [
 "cce-core",
 "cce-kernel",
]

[[package]]
name = "cce-phc"
version = "0.1.0"

[[package]]
name = "cce-runner"
version = "0.1.0"

[[package]]
name = "cce-spiral"
version = "0.1.0"

[[package]]
name = "cce-store"
version = "0.1.0"

[[package]]
name = "cockpit-app"
version = "0.1.0"

[[package]]
name = "cockpit-core"
version = "0.1.0"

[[package]]
name = "loom-canon"
version = "0.1.0"

[[package]]
name = "loom-cli"
version = "0.1.0"

[[package]]
name = "loom-codec"
version = "0.1.0"

[[package]]
name = "loom-conformance"
version = "0.1.0"

[[package]]
name = "loom-export"
version = "0.1.0"

[[package]]
name = "loom-format"
version = "0.1.0"

[[package]]
name = "loom-gate"
version = "0.1.0"

[[package]]
name = "loom-mount"
version = "0.1.0"

[[package]]
name = "loom-project"
version = "0.1.0"

[[package]]
name = "loom-replay"
version = "0.1.0"

[[package]]
name = "loom-runner"
version = "0.1.0"

[[package]]
name = "loom-verify"
version = "0.1.0"

[[package]]
name = "loom-viewer"
version = "0.1.0"

[[package]]
name = "nexus-adapter"
version = "0.1.0"

[[package]]
name = "nexus-adapter-git"
version = "0.1.0"

[[package]]
name = "nexus-adapter-local-corpus"
version = "0.1.0"

[[package]]
name = "nexus-adapter-wikimedia"
version = "0.1.0"

[[package]]
name = "nexus-cell"
version = "0.1.0"

[[package]]
name = "nexus-cli"
version = "0.1.0"

[[package]]
name = "nexus-core"
version = "0.1.0"

[[package]]
name = "nexus-decode"
version = "0.1.0"

[[package]]
name = "nexus-evidence"
version = "0.1.0"

[[package]]
name = "nexus-export"
version = "0.1.0"

[[package]]
name = "nexus-fetch"
version = "0.1.0"

[[package]]
name = "nexus-ingress"
version = "0.1.0"

[[package]]
name = "nexus-ledger"
version = "0.1.0"

[[package]]
name = "nexus-normalize"
version = "0.1.0"

[[package]]
name = "nexus-policy"
version = "0.1.0"

[[package]]
name = "nexus-store"
version = "0.1.0"

[[package]]
name = "nexus-validate"
version = "0.1.0"
