# This file is automatically @generated by Cargo.
# It is not intended for manual editing.
version = 4

[[package]]
name = "cce-ccc"
version = "0.1.0"
dependencies = [
 "cce-core",
 "cce-lattice",
]

[[package]]
name = "cce-conformance"
version = "0.1.0"
dependencies = [
 "cce-core",
 "cce-crystal",
 "cce-inference",
 "cce-library",
 "cce-loom",
 "cce-materialize",
 "cce-observe",
 "cce-phaseblock",
 "cce-phc",
 "cce-store",
 "cce-toolgateway",
 "loom-conformance",
 "loom-verify",
 "nexus-adapter",
 "nexus-adapter-git",
 "nexus-adapter-local-corpus",
 "nexus-adapter-wikimedia",
 "nexus-cell",
 "nexus-core",
 "nexus-decode",
 "nexus-evidence",
 "nexus-export",
 "nexus-fetch",
 "nexus-ingress",
 "nexus-ledger",
 "nexus-policy",
 "nexus-store",
 "nexus-validate",
]

[[package]]
name = "cce-core"
version = "0.1.0"

[[package]]
name = "cce-crystal"
version = "0.1.0"
dependencies = [
 "cce-ccc",
 "cce-core",
]

[[package]]
name = "cce-hbm"
version = "0.1.0"
dependencies = [
 "cce-ccc",
 "cce-core",
 "cce-crystal",
 "cce-lattice",
]

[[package]]
name = "cce-inference"
version = "0.1.0"
dependencies = [
 "cce-core",
 "cce-store",
]

[[package]]
name = "cce-kernel"
version = "0.1.0"
dependencies = [
 "cce-core",
]

[[package]]
name = "cce-lattice"
version = "0.1.0"
dependencies = [
 "cce-core",
]

[[package]]
name = "cce-library"
version = "0.1.0"
dependencies = [
 "cce-core",
 "cce-materialize",
 "cce-phc",
 "cce-store",
]

[[package]]
name = "cce-loom"
version = "0.1.0"
dependencies = [
 "cce-core",
 "cce-phc",
]

[[package]]
name = "cce-materialize"
version = "0.1.0"
dependencies = [
 "cce-ccc",
 "cce-core",
 "cce-crystal",
 "cce-loom",
 "cce-observe",
 "cce-phc",
]

[[package]]
name = "cce-merkaba"
version = "0.1.0"
dependencies = [
 "cce-core",
]

[[package]]
name = "cce-observe"
version = "0.1.0"
dependencies = [
 "cce-ccc",
 "cce-core",
 "cce-crystal",
]

[[package]]
name = "cce-phaseblock"
version = "0.1.0"
dependencies = [
 "cce-core",
 "cce-kernel",
]

[[package]]
name = "cce-phc"
version = "0.1.0"
dependencies = [
 "cce-core",
 "cce-crystal",
]

[[package]]
name = "cce-runner"
version = "0.1.0"
dependencies = [
 "cce-core",
 "cce-crystal",
 "cce-kernel",
 "cce-loom",
 "cce-materialize",
 "cce-observe",
 "cce-phaseblock",
 "cce-phc",
 "cce-spiral",
]

[[package]]
name = "cce-spiral"
version = "0.1.0"
dependencies = [
 "cce-core",
 "cce-phaseblock",
]

[[package]]
name = "cce-store"
version = "0.1.0"
dependencies = [
 "cce-core",
 "cce-phaseblock",
]

[[package]]
name = "cce-toolgateway"
version = "0.1.0"
dependencies = [
 "cce-core",
]

[[package]]
name = "cockpit-app"
version = "0.1.0"

[[package]]
name = "cockpit-core"
version = "0.1.0"

[[package]]
name = "loom-canon"
version = "0.1.0"

[[package]]
name = "loom-cli"
version = "0.1.0"
dependencies = [
 "loom-canon",
 "loom-codec",
 "loom-format",
 "loom-mount",
 "loom-verify",
]

[[package]]
name = "loom-codec"
version = "0.1.0"
dependencies = [
 "loom-canon",
 "loom-format",
]

[[package]]
name = "loom-conformance"
version = "0.1.0"
dependencies = [
 "cce-core",
 "cce-hbm",
 "cce-materialize",
 "cce-phc",
 "loom-canon",
 "loom-codec",
 "loom-export",
 "loom-format",
 "loom-gate",
 "loom-mount",
 "loom-project",
 "loom-replay",
 "loom-runner",
 "loom-verify",
 "nexus-core",
]

[[package]]
name = "loom-export"
version = "0.1.0"
dependencies = [
 "cce-core",
 "cce-materialize",
 "loom-canon",
 "loom-verify",
]

[[package]]
name = "loom-format"
version = "0.1.0"
dependencies = [
 "loom-canon",
]

[[package]]
name = "loom-gate"
version = "0.1.0"
dependencies = [
 "cce-core",
 "loom-canon",
]

[[package]]
name = "loom-mount"
version = "0.1.0"
dependencies = [
 "loom-canon",
 "loom-codec",
 "loom-format",
 "loom-verify",
]

[[package]]
name = "loom-project"
version = "0.1.0"
dependencies = [
 "cce-core",
 "cce-phc",
 "loom-canon",
]

[[package]]
name = "loom-replay"
version = "0.1.0"
dependencies = [
 "cce-core",
 "loom-canon",
 "loom-codec",
 "loom-format",
]

[[package]]
name = "loom-runner"
version = "0.1.0"
dependencies = [
 "cce-core",
 "loom-canon",
 "loom-mount",
 "loom-verify",
]

[[package]]
name = "loom-verify"
version = "0.1.0"
dependencies = [
 "loom-canon",
 "loom-codec",
 "loom-format",
]

[[package]]
name = "loom-viewer"
version = "0.1.0"
dependencies = [
 "loom-canon",
 "loom-codec",
 "loom-format",
 "loom-mount",
 "loom-verify",
]

[[package]]
name = "nexus-adapter"
version = "0.1.0"
dependencies = [
 "cce-core",
 "nexus-core",
]

[[package]]
name = "nexus-adapter-git"
version = "0.1.0"
dependencies = [
 "cce-core",
 "nexus-adapter",
 "nexus-core",
 "nexus-decode",
 "nexus-normalize",
]

[[package]]
name = "nexus-adapter-local-corpus"
version = "0.1.0"
dependencies = [
 "cce-core",
 "nexus-adapter",
 "nexus-core",
 "nexus-decode",
 "nexus-normalize",
]

[[package]]
name = "nexus-adapter-wikimedia"
version = "0.1.0"
dependencies = [
 "cce-core",
 "nexus-adapter",
 "nexus-core",
 "nexus-decode",
 "nexus-normalize",
]

[[package]]
name = "nexus-cell"
version = "0.1.0"
dependencies = [
 "cce-core",
 "nexus-adapter",
 "nexus-core",
 "nexus-policy",
]

[[package]]
name = "nexus-cli"
version = "0.1.0"
dependencies = [
 "cce-core",
 "nexus-adapter",
 "nexus-adapter-local-corpus",
 "nexus-cell",
 "nexus-core",
 "nexus-evidence",
 "nexus-export",
 "nexus-fetch",
 "nexus-ledger",
 "nexus-policy",
 "nexus-store",
 "nexus-validate",
]

[[package]]
name = "nexus-core"
version = "0.1.0"
dependencies = [
 "cce-core",
]

[[package]]
name = "nexus-decode"
version = "0.1.0"
dependencies = [
 "cce-core",
 "nexus-core",
]

[[package]]
name = "nexus-evidence"
version = "0.1.0"
dependencies = [
 "cce-core",
 "nexus-core",
]

[[package]]
name = "nexus-export"
version = "0.1.0"
dependencies = [
 "cce-core",
 "nexus-core",
]

[[package]]
name = "nexus-fetch"
version = "0.1.0"
dependencies = [
 "cce-core",
 "nexus-adapter",
 "nexus-core",
 "nexus-policy",
]

[[package]]
name = "nexus-ingress"
version = "0.1.0"
dependencies = [
 "cce-core",
 "nexus-core",
]

[[package]]
name = "nexus-ledger"
version = "0.1.0"
dependencies = [
 "cce-core",
 "nexus-core",
]

[[package]]
name = "nexus-normalize"
version = "0.1.0"
dependencies = [
 "cce-core",
 "nexus-adapter",
 "nexus-core",
]

[[package]]
name = "nexus-policy"
version = "0.1.0"
dependencies = [
 "cce-core",
 "nexus-adapter",
 "nexus-core",
]

[[package]]
name = "nexus-store"
version = "0.1.0"
dependencies = [
 "cce-core",
 "cce-store",
 "nexus-core",
]

[[package]]
name = "nexus-validate"
version = "0.1.0"
dependencies = [
 "cce-core",
 "nexus-core",
]
